
Microsoft Visual Studio Solution File, Format Version 12.00
Project("{FAE04EC0-301F-11D3-BF4B-00C04F79EFBC}") = "QuotesHistory", "QuotesHistory\QuotesHistory.csproj", "{04CF194F-6F89-4C59-9FE2-36170FE3247C}"
EndProject
Project("{FAE04EC0-301F-11D3-BF4B-00C04F79EFBC}") = "Application", "Application\Application.csproj", "{5077C911-CB1D-4240-B6F0-DC9B840CD640}"
EndProject
Project("{FAE04EC0-301F-11D3-BF4B-00C04F79EFBC}") = "QuotesHistory.Tests", "QuotesHistory.Tests\QuotesHistory.Tests.csproj", "{EDD5EA4C-8160-416A-A518-A2AAAE46D8F1}"
EndProject
Project("{FAE04EC0-301F-11D3-BF4B-00C04F79EFBC}") = "Strategy", "Strategy\Strategy.csproj", "{C3C83D0C-BF62-4778-8499-0218AFBD4B53}"
EndProject
Project("{FAE04EC0-301F-11D3-BF4B-00C04F79EFBC}") = "SandBox", "SandBox\SandBox.csproj", "{9F951596-906F-49FD-A060-ABEF0F78B061}"
EndProject
Project("{FAE04EC0-301F-11D3-BF4B-00C04F79EFBC}") = "Common", "Common\Common.csproj", "{6C7B8EC1-E75E-4BF0-8206-C977320FBD25}"
EndProject
Project("{FAE04EC0-301F-11D3-BF4B-00C04F79EFBC}") = "Laboratory", "Laboratory\Laboratory.csproj", "{0C6E1AED-B0A7-4668-BB64-E5459FDA1F52}"
EndProject
Global
	GlobalSection(SolutionConfigurationPlatforms) = preSolution
		Debug|Any CPU = Debug|Any CPU
		Release|Any CPU = Release|Any CPU
	EndGlobalSection
	GlobalSection(ProjectConfigurationPlatforms) = postSolution
		{04CF194F-6F89-4C59-9FE2-36170FE3247C}.Debug|Any CPU.ActiveCfg = Debug|Any CPU
		{04CF194F-6F89-4C59-9FE2-36170FE3247C}.Debug|Any CPU.Build.0 = Debug|Any CPU
		{04CF194F-6F89-4C59-9FE2-36170FE3247C}.Release|Any CPU.ActiveCfg = Release|Any CPU
		{04CF194F-6F89-4C59-9FE2-36170FE3247C}.Release|Any CPU.Build.0 = Release|Any CPU
		{5077C911-CB1D-4240-B6F0-DC9B840CD640}.Debug|Any CPU.ActiveCfg = Debug|Any CPU
		{5077C911-CB1D-4240-B6F0-DC9B840CD640}.Debug|Any CPU.Build.0 = Debug|Any CPU
		{5077C911-CB1D-4240-B6F0-DC9B840CD640}.Release|Any CPU.ActiveCfg = Release|Any CPU
		{5077C911-CB1D-4240-B6F0-DC9B840CD640}.Release|Any CPU.Build.0 = Release|Any CPU
		{EDD5EA4C-8160-416A-A518-A2AAAE46D8F1}.Debug|Any CPU.ActiveCfg = Debug|Any CPU
		{EDD5EA4C-8160-416A-A518-A2AAAE46D8F1}.Debug|Any CPU.Build.0 = Debug|Any CPU
		{EDD5EA4C-8160-416A-A518-A2AAAE46D8F1}.Release|Any CPU.ActiveCfg = Release|Any CPU
		{EDD5EA4C-8160-416A-A518-A2AAAE46D8F1}.Release|Any CPU.Build.0 = Release|Any CPU
		{C3C83D0C-BF62-4778-8499-0218AFBD4B53}.Debug|Any CPU.ActiveCfg = Debug|Any CPU
		{C3C83D0C-BF62-4778-8499-0218AFBD4B53}.Debug|Any CPU.Build.0 = Debug|Any CPU
		{C3C83D0C-BF62-4778-8499-0218AFBD4B53}.Release|Any CPU.ActiveCfg = Release|Any CPU
		{C3C83D0C-BF62-4778-8499-0218AFBD4B53}.Release|Any CPU.Build.0 = Release|Any CPU
		{9F951596-906F-49FD-A060-ABEF0F78B061}.Debug|Any CPU.ActiveCfg = Debug|Any CPU
		{9F951596-906F-49FD-A060-ABEF0F78B061}.Debug|Any CPU.Build.0 = Debug|Any CPU
		{9F951596-906F-49FD-A060-ABEF0F78B061}.Release|Any CPU.ActiveCfg = Release|Any CPU
		{9F951596-906F-49FD-A060-ABEF0F78B061}.Release|Any CPU.Build.0 = Release|Any CPU
		{6C7B8EC1-E75E-4BF0-8206-C977320FBD25}.Debug|Any CPU.ActiveCfg = Debug|Any CPU
		{6C7B8EC1-E75E-4BF0-8206-C977320FBD25}.Debug|Any CPU.Build.0 = Debug|Any CPU
		{6C7B8EC1-E75E-4BF0-8206-C977320FBD25}.Release|Any CPU.ActiveCfg = Release|Any CPU
		{6C7B8EC1-E75E-4BF0-8206-C977320FBD25}.Release|Any CPU.Build.0 = Release|Any CPU
		{0C6E1AED-B0A7-4668-BB64-E5459FDA1F52}.Debug|Any CPU.ActiveCfg = Debug|Any CPU
		{0C6E1AED-B0A7-4668-BB64-E5459FDA1F52}.Debug|Any CPU.Build.0 = Debug|Any CPU
		{0C6E1AED-B0A7-4668-BB64-E5459FDA1F52}.Release|Any CPU.ActiveCfg = Release|Any CPU
		{0C6E1AED-B0A7-4668-BB64-E5459FDA1F52}.Release|Any CPU.Build.0 = Release|Any CPU
	EndGlobalSection
EndGlobal
